// !$*UTF8*$!
{
	archiveVersion = 1;
	classes = {
	};
	objectVersion = 55;
	objects = {

/* Begin PBXBuildFile section */
		5E0748F32815F104003FC860 /* AppDelegate.swift in Sources */ = {isa = PBXBuildFile; fileRef = 5E0748F22815F104003FC860 /* AppDelegate.swift */; };
		5E0748F52815F104003FC860 /* SceneDelegate.swift in Sources */ = {isa = PBXBuildFile; fileRef = 5E0748F42815F104003FC860 /* SceneDelegate.swift */; };
		5E0748FC2815F106003FC860 /* Assets.xcassets in Resources */ = {isa = PBXBuildFile; fileRef = 5E0748FB2815F106003FC860 /* Assets.xcassets */; };
		5E0748FF2815F106003FC860 /* LaunchScreen.storyboard in Resources */ = {isa = PBXBuildFile; fileRef = 5E0748FD2815F106003FC860 /* LaunchScreen.storyboard */; };
		5E07490A2815F106003FC860 /* ShortlyTests.swift in Sources */ = {isa = PBXBuildFile; fileRef = 5E0749092815F106003FC860 /* ShortlyTests.swift */; };
		5E0749142815F106003FC860 /* ShortlyUITests.swift in Sources */ = {isa = PBXBuildFile; fileRef = 5E0749132815F106003FC860 /* ShortlyUITests.swift */; };
		5E0749162815F106003FC860 /* ShortlyUITestsLaunchTests.swift in Sources */ = {isa = PBXBuildFile; fileRef = 5E0749152815F106003FC860 /* ShortlyUITestsLaunchTests.swift */; };
		5E0749292815F17F003FC860 /* WelcomeCell.swift in Sources */ = {isa = PBXBuildFile; fileRef = 5E0749272815F17F003FC860 /* WelcomeCell.swift */; };
		5E07492A2815F17F003FC860 /* WelcomeCell.xib in Resources */ = {isa = PBXBuildFile; fileRef = 5E0749282815F17F003FC860 /* WelcomeCell.xib */; };
		5E07492D2815F197003FC860 /* HistoryCell.swift in Sources */ = {isa = PBXBuildFile; fileRef = 5E07492B2815F197003FC860 /* HistoryCell.swift */; };
		5E07492E2815F197003FC860 /* HistoryCell.xib in Resources */ = {isa = PBXBuildFile; fileRef = 5E07492C2815F197003FC860 /* HistoryCell.xib */; };
		5E0749322815F1BE003FC860 /* HomeVC.swift in Sources */ = {isa = PBXBuildFile; fileRef = 5E0749302815F1BE003FC860 /* HomeVC.swift */; };
		5E0749332815F1BE003FC860 /* HomeVC.xib in Resources */ = {isa = PBXBuildFile; fileRef = 5E0749312815F1BE003FC860 /* HomeVC.xib */; };
		5E07493628160047003FC860 /* Helper.swift in Sources */ = {isa = PBXBuildFile; fileRef = 5E07493528160047003FC860 /* Helper.swift */; };
		5E07493B281618AD003FC860 /* Constants.swift in Sources */ = {isa = PBXBuildFile; fileRef = 5E07493A281618AD003FC860 /* Constants.swift */; };
		5E07493D281618C6003FC860 /* ApiService.swift in Sources */ = {isa = PBXBuildFile; fileRef = 5E07493C281618C6003FC860 /* ApiService.swift */; };
		5E07493F28161BBF003FC860 /* HomeModel.swift in Sources */ = {isa = PBXBuildFile; fileRef = 5E07493E28161BBF003FC860 /* HomeModel.swift */; };
		5E07494228161C98003FC860 /* Alamofire in Frameworks */ = {isa = PBXBuildFile; productRef = 5E07494128161C98003FC860 /* Alamofire */; };
		5E0749442816F22D003FC860 /* HomeViewModel.swift in Sources */ = {isa = PBXBuildFile; fileRef = 5E0749432816F22D003FC860 /* HomeViewModel.swift */; };
		5E07494628173E63003FC860 /* MyError.swift in Sources */ = {isa = PBXBuildFile; fileRef = 5E07494528173E63003FC860 /* MyError.swift */; };
		5E07495328178BD5003FC860 /* MyLinksCoreData.xcdatamodeld in Sources */ = {isa = PBXBuildFile; fileRef = 5E07495128178BD5003FC860 /* MyLinksCoreData.xcdatamodeld */; };
/* End PBXBuildFile section */

/* Begin PBXContainerItemProxy section */
		5E0749062815F106003FC860 /* PBXContainerItemProxy */ = {
			isa = PBXContainerItemProxy;
			containerPortal = 5E0748E72815F104003FC860 /* Project object */;
			proxyType = 1;
			remoteGlobalIDString = 5E0748EE2815F104003FC860;
			remoteInfo = Shortly;
		};
		5E0749102815F106003FC860 /* PBXContainerItemProxy */ = {
			isa = PBXContainerItemProxy;
			containerPortal = 5E0748E72815F104003FC860 /* Project object */;
			proxyType = 1;
			remoteGlobalIDString = 5E0748EE2815F104003FC860;
			remoteInfo = Shortly;
		};
/* End PBXContainerItemProxy section */

/* Begin PBXFileReference section */
		5E0748EF2815F104003FC860 /* Shortly.app */ = {isa = PBXFileReference; explicitFileType = wrapper.application; includeInIndex = 0; path = Shortly.app; sourceTree = BUILT_PRODUCTS_DIR; };
		5E0748F22815F104003FC860 /* AppDelegate.swift */ = {isa = PBXFileReference; lastKnownFileType = sourcecode.swift; path = AppDelegate.swift; sourceTree = "<group>"; };
		5E0748F42815F104003FC860 /* SceneDelegate.swift */ = {isa = PBXFileReference; lastKnownFileType = sourcecode.swift; path = SceneDelegate.swift; sourceTree = "<group>"; };
		5E0748FB2815F106003FC860 /* Assets.xcassets */ = {isa = PBXFileReference; lastKnownFileType = folder.assetcatalog; path = Assets.xcassets; sourceTree = "<group>"; };
		5E0748FE2815F106003FC860 /* Base */ = {isa = PBXFileReference; lastKnownFileType = file.storyboard; name = Base; path = Base.lproj/LaunchScreen.storyboard; sourceTree = "<group>"; };
		5E0749002815F106003FC860 /* Info.plist */ = {isa = PBXFileReference; lastKnownFileType = text.plist.xml; path = Info.plist; sourceTree = "<group>"; };
		5E0749052815F106003FC860 /* ShortlyTests.xctest */ = {isa = PBXFileReference; explicitFileType = wrapper.cfbundle; includeInIndex = 0; path = ShortlyTests.xctest; sourceTree = BUILT_PRODUCTS_DIR; };
		5E0749092815F106003FC860 /* ShortlyTests.swift */ = {isa = PBXFileReference; lastKnownFileType = sourcecode.swift; path = ShortlyTests.swift; sourceTree = "<group>"; };
		5E07490F2815F106003FC860 /* ShortlyUITests.xctest */ = {isa = PBXFileReference; explicitFileType = wrapper.cfbundle; includeInIndex = 0; path = ShortlyUITests.xctest; sourceTree = BUILT_PRODUCTS_DIR; };
		5E0749132815F106003FC860 /* ShortlyUITests.swift */ = {isa = PBXFileReference; lastKnownFileType = sourcecode.swift; path = ShortlyUITests.swift; sourceTree = "<group>"; };
		5E0749152815F106003FC860 /* ShortlyUITestsLaunchTests.swift */ = {isa = PBXFileReference; lastKnownFileType = sourcecode.swift; path = ShortlyUITestsLaunchTests.swift; sourceTree = "<group>"; };
		5E0749272815F17F003FC860 /* WelcomeCell.swift */ = {isa = PBXFileReference; lastKnownFileType = sourcecode.swift; path = WelcomeCell.swift; sourceTree = "<group>"; };
		5E0749282815F17F003FC860 /* WelcomeCell.xib */ = {isa = PBXFileReference; lastKnownFileType = file.xib; path = WelcomeCell.xib; sourceTree = "<group>"; };
		5E07492B2815F197003FC860 /* HistoryCell.swift */ = {isa = PBXFileReference; lastKnownFileType = sourcecode.swift; path = HistoryCell.swift; sourceTree = "<group>"; };
		5E07492C2815F197003FC860 /* HistoryCell.xib */ = {isa = PBXFileReference; lastKnownFileType = file.xib; path = HistoryCell.xib; sourceTree = "<group>"; };
		5E0749302815F1BE003FC860 /* HomeVC.swift */ = {isa = PBXFileReference; lastKnownFileType = sourcecode.swift; path = HomeVC.swift; sourceTree = "<group>"; };
		5E0749312815F1BE003FC860 /* HomeVC.xib */ = {isa = PBXFileReference; lastKnownFileType = file.xib; path = HomeVC.xib; sourceTree = "<group>"; };
		5E07493528160047003FC860 /* Helper.swift */ = {isa = PBXFileReference; lastKnownFileType = sourcecode.swift; path = Helper.swift; sourceTree = "<group>"; };
		5E07493A281618AD003FC860 /* Constants.swift */ = {isa = PBXFileReference; lastKnownFileType = sourcecode.swift; path = Constants.swift; sourceTree = "<group>"; };
		5E07493C281618C6003FC860 /* ApiService.swift */ = {isa = PBXFileReference; lastKnownFileType = sourcecode.swift; path = ApiService.swift; sourceTree = "<group>"; };
		5E07493E28161BBF003FC860 /* HomeModel.swift */ = {isa = PBXFileReference; lastKnownFileType = sourcecode.swift; path = HomeModel.swift; sourceTree = "<group>"; };
		5E0749432816F22D003FC860 /* HomeViewModel.swift */ = {isa = PBXFileReference; lastKnownFileType = sourcecode.swift; path = HomeViewModel.swift; sourceTree = "<group>"; };
		5E07494528173E63003FC860 /* MyError.swift */ = {isa = PBXFileReference; lastKnownFileType = sourcecode.swift; path = MyError.swift; sourceTree = "<group>"; };
		5E07495228178BD5003FC860 /* MyLinksCoreData.xcdatamodel */ = {isa = PBXFileReference; lastKnownFileType = wrapper.xcdatamodel; path = MyLinksCoreData.xcdatamodel; sourceTree = "<group>"; };
/* End PBXFileReference section */

/* Begin PBXFrameworksBuildPhase section */
		5E0748EC2815F104003FC860 /* Frameworks */ = {
			isa = PBXFrameworksBuildPhase;
			buildActionMask = 2147483647;
			files = (
				5E07494228161C98003FC860 /* Alamofire in Frameworks */,
			);
			runOnlyForDeploymentPostprocessing = 0;
		};
		5E0749022815F106003FC860 /* Frameworks */ = {
			isa = PBXFrameworksBuildPhase;
			buildActionMask = 2147483647;
			files = (
			);
			runOnlyForDeploymentPostprocessing = 0;
		};
		5E07490C2815F106003FC860 /* Frameworks */ = {
			isa = PBXFrameworksBuildPhase;
			buildActionMask = 2147483647;
			files = (
			);
			runOnlyForDeploymentPostprocessing = 0;
		};
/* End PBXFrameworksBuildPhase section */

/* Begin PBXGroup section */
		5E0748E62815F104003FC860 = {
			isa = PBXGroup;
			children = (
				5E0748F12815F104003FC860 /* Shortly */,
				5E0749082815F106003FC860 /* ShortlyTests */,
				5E0749122815F106003FC860 /* ShortlyUITests */,
				5E0748F02815F104003FC860 /* Products */,
			);
			sourceTree = "<group>";
		};
		5E0748F02815F104003FC860 /* Products */ = {
			isa = PBXGroup;
			children = (
				5E0748EF2815F104003FC860 /* Shortly.app */,
				5E0749052815F106003FC860 /* ShortlyTests.xctest */,
				5E07490F2815F106003FC860 /* ShortlyUITests.xctest */,
			);
			name = Products;
			sourceTree = "<group>";
		};
		5E0748F12815F104003FC860 /* Shortly */ = {
			isa = PBXGroup;
			children = (
				5E0749232815F13D003FC860 /* Features */,
				5E0749222815F136003FC860 /* Base */,
				5E0748FB2815F106003FC860 /* Assets.xcassets */,
				5E0749002815F106003FC860 /* Info.plist */,
				5E07495128178BD5003FC860 /* MyLinksCoreData.xcdatamodeld */,
			);
			path = Shortly;
			sourceTree = "<group>";
		};
		5E0749082815F106003FC860 /* ShortlyTests */ = {
			isa = PBXGroup;
			children = (
				5E0749092815F106003FC860 /* ShortlyTests.swift */,
			);
			path = ShortlyTests;
			sourceTree = "<group>";
		};
		5E0749122815F106003FC860 /* ShortlyUITests */ = {
			isa = PBXGroup;
			children = (
				5E0749132815F106003FC860 /* ShortlyUITests.swift */,
				5E0749152815F106003FC860 /* ShortlyUITestsLaunchTests.swift */,
			);
			path = ShortlyUITests;
			sourceTree = "<group>";
		};
		5E0749222815F136003FC860 /* Base */ = {
			isa = PBXGroup;
			children = (
				5E07493928161885003FC860 /* Network */,
				5E07493428160031003FC860 /* Helper */,
				5E0749242815F148003FC860 /* App */,
			);
			path = Base;
			sourceTree = "<group>";
		};
		5E0749232815F13D003FC860 /* Features */ = {
			isa = PBXGroup;
			children = (
				5E0749252815F159003FC860 /* Home */,
			);
			path = Features;
			sourceTree = "<group>";
		};
		5E0749242815F148003FC860 /* App */ = {
			isa = PBXGroup;
			children = (
				5E0748F22815F104003FC860 /* AppDelegate.swift */,
				5E0748F42815F104003FC860 /* SceneDelegate.swift */,
				5E0748FD2815F106003FC860 /* LaunchScreen.storyboard */,
			);
			path = App;
			sourceTree = "<group>";
		};
		5E0749252815F159003FC860 /* Home */ = {
			isa = PBXGroup;
			children = (
				5E07493828161879003FC860 /* ViewModel */,
				5E07493728161870003FC860 /* Model */,
				5E0749262815F160003FC860 /* View */,
			);
			path = Home;
			sourceTree = "<group>";
		};
		5E0749262815F160003FC860 /* View */ = {
			isa = PBXGroup;
			children = (
				5E07492F2815F19E003FC860 /* Cell */,
				5E0749302815F1BE003FC860 /* HomeVC.swift */,
				5E0749312815F1BE003FC860 /* HomeVC.xib */,
			);
			path = View;
			sourceTree = "<group>";
		};
		5E07492F2815F19E003FC860 /* Cell */ = {
			isa = PBXGroup;
			children = (
				5E0749272815F17F003FC860 /* WelcomeCell.swift */,
				5E0749282815F17F003FC860 /* WelcomeCell.xib */,
				5E07492B2815F197003FC860 /* HistoryCell.swift */,
				5E07492C2815F197003FC860 /* HistoryCell.xib */,
			);
			path = Cell;
			sourceTree = "<group>";
		};
		5E07493428160031003FC860 /* Helper */ = {
			isa = PBXGroup;
			children = (
				5E07493528160047003FC860 /* Helper.swift */,
				5E07494528173E63003FC860 /* MyError.swift */,
			);
			path = Helper;
			sourceTree = "<group>";
		};
		5E07493728161870003FC860 /* Model */ = {
			isa = PBXGroup;
			children = (
				5E07493E28161BBF003FC860 /* HomeModel.swift */,
			);
			path = Model;
			sourceTree = "<group>";
		};
		5E07493828161879003FC860 /* ViewModel */ = {
			isa = PBXGroup;
			children = (
				5E0749432816F22D003FC860 /* HomeViewModel.swift */,
			);
			path = ViewModel;
			sourceTree = "<group>";
		};
		5E07493928161885003FC860 /* Network */ = {
			isa = PBXGroup;
			children = (
				5E07493A281618AD003FC860 /* Constants.swift */,
				5E07493C281618C6003FC860 /* ApiService.swift */,
			);
			path = Network;
			sourceTree = "<group>";
		};
/* End PBXGroup section */

/* Begin PBXNativeTarget section */
		5E0748EE2815F104003FC860 /* Shortly */ = {
			isa = PBXNativeTarget;
			buildConfigurationList = 5E0749192815F106003FC860 /* Build configuration list for PBXNativeTarget "Shortly" */;
			buildPhases = (
				5E0748EB2815F104003FC860 /* Sources */,
				5E0748EC2815F104003FC860 /* Frameworks */,
				5E0748ED2815F104003FC860 /* Resources */,
			);
			buildRules = (
			);
			dependencies = (
			);
			name = Shortly;
			packageProductDependencies = (
				5E07494128161C98003FC860 /* Alamofire */,
			);
			productName = Shortly;
			productReference = 5E0748EF2815F104003FC860 /* Shortly.app */;
			productType = "com.apple.product-type.application";
		};
		5E0749042815F106003FC860 /* ShortlyTests */ = {
			isa = PBXNativeTarget;
			buildConfigurationList = 5E07491C2815F106003FC860 /* Build configuration list for PBXNativeTarget "ShortlyTests" */;
			buildPhases = (
				5E0749012815F106003FC860 /* Sources */,
				5E0749022815F106003FC860 /* Frameworks */,
				5E0749032815F106003FC860 /* Resources */,
			);
			buildRules = (
			);
			dependencies = (
				5E0749072815F106003FC860 /* PBXTargetDependency */,
			);
			name = ShortlyTests;
			productName = ShortlyTests;
			productReference = 5E0749052815F106003FC860 /* ShortlyTests.xctest */;
			productType = "com.apple.product-type.bundle.unit-test";
		};
		5E07490E2815F106003FC860 /* ShortlyUITests */ = {
			isa = PBXNativeTarget;
			buildConfigurationList = 5E07491F2815F106003FC860 /* Build configuration list for PBXNativeTarget "ShortlyUITests" */;
			buildPhases = (
				5E07490B2815F106003FC860 /* Sources */,
				5E07490C2815F106003FC860 /* Frameworks */,
				5E07490D2815F106003FC860 /* Resources */,
			);
			buildRules = (
			);
			dependencies = (
				5E0749112815F106003FC860 /* PBXTargetDependency */,
			);
			name = ShortlyUITests;
			productName = ShortlyUITests;
			productReference = 5E07490F2815F106003FC860 /* ShortlyUITests.xctest */;
			productType = "com.apple.product-type.bundle.ui-testing";
		};
/* End PBXNativeTarget section */

/* Begin PBXProject section */
		5E0748E72815F104003FC860 /* Project object */ = {
			isa = PBXProject;
			attributes = {
				BuildIndependentTargetsInParallel = 1;
				LastSwiftUpdateCheck = 1330;
				LastUpgradeCheck = 1330;
				TargetAttributes = {
					5E0748EE2815F104003FC860 = {
						CreatedOnToolsVersion = 13.3.1;
					};
					5E0749042815F106003FC860 = {
						CreatedOnToolsVersion = 13.3.1;
						TestTargetID = 5E0748EE2815F104003FC860;
					};
					5E07490E2815F106003FC860 = {
						CreatedOnToolsVersion = 13.3.1;
						TestTargetID = 5E0748EE2815F104003FC860;
					};
				};
			};
			buildConfigurationList = 5E0748EA2815F104003FC860 /* Build configuration list for PBXProject "Shortly" */;
			compatibilityVersion = "Xcode 13.0";
			developmentRegion = en;
			hasScannedForEncodings = 0;
			knownRegions = (
				en,
				Base,
			);
			mainGroup = 5E0748E62815F104003FC860;
			packageReferences = (
				5E07494028161C98003FC860 /* XCRemoteSwiftPackageReference "Alamofire" */,
			);
			productRefGroup = 5E0748F02815F104003FC860 /* Products */;
			projectDirPath = "";
			projectRoot = "";
			targets = (
				5E0748EE2815F104003FC860 /* Shortly */,
				5E0749042815F106003FC860 /* ShortlyTests */,
				5E07490E2815F106003FC860 /* ShortlyUITests */,
			);
		};
/* End PBXProject section */

/* Begin PBXResourcesBuildPhase section */
		5E0748ED2815F104003FC860 /* Resources */ = {
			isa = PBXResourcesBuildPhase;
			buildActionMask = 2147483647;
			files = (
				5E07492A2815F17F003FC860 /* WelcomeCell.xib in Resources */,
				5E0748FF2815F106003FC860 /* LaunchScreen.storyboard in Resources */,
				5E0749332815F1BE003FC860 /* HomeVC.xib in Resources */,
				5E07492E2815F197003FC860 /* HistoryCell.xib in Resources */,
				5E0748FC2815F106003FC860 /* Assets.xcassets in Resources */,
			);
			runOnlyForDeploymentPostprocessing = 0;
		};
		5E0749032815F106003FC860 /* Resources */ = {
			isa = PBXResourcesBuildPhase;
			buildActionMask = 2147483647;
			files = (
			);
			runOnlyForDeploymentPostprocessing = 0;
		};
		5E07490D2815F106003FC860 /* Resources */ = {
			isa = PBXResourcesBuildPhase;
			buildActionMask = 2147483647;
			files = (
			);
			runOnlyForDeploymentPostprocessing = 0;
		};
/* End PBXResourcesBuildPhase section */

/* Begin PBXSourcesBuildPhase section */
		5E0748EB2815F104003FC860 /* Sources */ = {
			isa = PBXSourcesBuildPhase;
			buildActionMask = 2147483647;
			files = (
				5E0749292815F17F003FC860 /* WelcomeCell.swift in Sources */,
				5E0749322815F1BE003FC860 /* HomeVC.swift in Sources */,
				5E0748F32815F104003FC860 /* AppDelegate.swift in Sources */,
				5E0749442816F22D003FC860 /* HomeViewModel.swift in Sources */,
				5E07492D2815F197003FC860 /* HistoryCell.swift in Sources */,
				5E07493B281618AD003FC860 /* Constants.swift in Sources */,
				5E07494628173E63003FC860 /* MyError.swift in Sources */,
				5E0748F52815F104003FC860 /* SceneDelegate.swift in Sources */,
				5E07493D281618C6003FC860 /* ApiService.swift in Sources */,
				5E07493F28161BBF003FC860 /* HomeModel.swift in Sources */,
				5E07495328178BD5003FC860 /* MyLinksCoreData.xcdatamodeld in Sources */,
				5E07493628160047003FC860 /* Helper.swift in Sources */,
			);
			runOnlyForDeploymentPostprocessing = 0;
		};
		5E0749012815F106003FC860 /* Sources */ = {
			isa = PBXSourcesBuildPhase;
			buildActionMask = 2147483647;
			files = (
				5E07490A2815F106003FC860 /* ShortlyTests.swift in Sources */,
			);
			runOnlyForDeploymentPostprocessing = 0;
		};
		5E07490B2815F106003FC860 /* Sources */ = {
			isa = PBXSourcesBuildPhase;
			buildActionMask = 2147483647;
			files = (
				5E0749162815F106003FC860 /* ShortlyUITestsLaunchTests.swift in Sources */,
				5E0749142815F106003FC860 /* ShortlyUITests.swift in Sources */,
			);
			runOnlyForDeploymentPostprocessing = 0;
		};
/* End PBXSourcesBuildPhase section */

/* Begin PBXTargetDependency section */
		5E0749072815F106003FC860 /* PBXTargetDependency */ = {
			isa = PBXTargetDependency;
			target = 5E0748EE2815F104003FC860 /* Shortly */;
			targetProxy = 5E0749062815F106003FC860 /* PBXContainerItemProxy */;
		};
		5E0749112815F106003FC860 /* PBXTargetDependency */ = {
			isa = PBXTargetDependency;
			target = 5E0748EE2815F104003FC860 /* Shortly */;
			targetProxy = 5E0749102815F106003FC860 /* PBXContainerItemProxy */;
		};
/* End PBXTargetDependency section */

/* Begin PBXVariantGroup section */
		5E0748FD2815F106003FC860 /* LaunchScreen.storyboard */ = {
			isa = PBXVariantGroup;
			children = (
				5E0748FE2815F106003FC860 /* Base */,
			);
			name = LaunchScreen.storyboard;
			sourceTree = "<group>";
		};
/* End PBXVariantGroup section */

/* Begin XCBuildConfiguration section */
		5E0749172815F106003FC860 /* Debug */ = {
			isa = XCBuildConfiguration;
			buildSettings = {
				ALWAYS_SEARCH_USER_PATHS = NO;
				CLANG_ANALYZER_NONNULL = YES;
				CLANG_ANALYZER_NUMBER_OBJECT_CONVERSION = YES_AGGRESSIVE;
				CLANG_CXX_LANGUAGE_STANDARD = "gnu++17";
				CLANG_ENABLE_MODULES = YES;
				CLANG_ENABLE_OBJC_ARC = YES;
				CLANG_ENABLE_OBJC_WEAK = YES;
				CLANG_WARN_BLOCK_CAPTURE_AUTORELEASING = YES;
				CLANG_WARN_BOOL_CONVERSION = YES;
				CLANG_WARN_COMMA = YES;
				CLANG_WARN_CONSTANT_CONVERSION = YES;
				CLANG_WARN_DEPRECATED_OBJC_IMPLEMENTATIONS = YES;
				CLANG_WARN_DIRECT_OBJC_ISA_USAGE = YES_ERROR;
				CLANG_WARN_DOCUMENTATION_COMMENTS = YES;
				CLANG_WARN_EMPTY_BODY = YES;
				CLANG_WARN_ENUM_CONVERSION = YES;
				CLANG_WARN_INFINITE_RECURSION = YES;
				CLANG_WARN_INT_CONVERSION = YES;
				CLANG_WARN_NON_LITERAL_NULL_CONVERSION = YES;
				CLANG_WARN_OBJC_IMPLICIT_RETAIN_SELF = YES;
				CLANG_WARN_OBJC_LITERAL_CONVERSION = YES;
				CLANG_WARN_OBJC_ROOT_CLASS = YES_ERROR;
				CLANG_WARN_QUOTED_INCLUDE_IN_FRAMEWORK_HEADER = YES;
				CLANG_WARN_RANGE_LOOP_ANALYSIS = YES;
				CLANG_WARN_STRICT_PROTOTYPES = YES;
				CLANG_WARN_SUSPICIOUS_MOVE = YES;
				CLANG_WARN_UNGUARDED_AVAILABILITY = YES_AGGRESSIVE;
				CLANG_WARN_UNREACHABLE_CODE = YES;
				CLANG_WARN__DUPLICATE_METHOD_MATCH = YES;
				COPY_PHASE_STRIP = NO;
				DEBUG_INFORMATION_FORMAT = dwarf;
				ENABLE_STRICT_OBJC_MSGSEND = YES;
				ENABLE_TESTABILITY = YES;
				GCC_C_LANGUAGE_STANDARD = gnu11;
				GCC_DYNAMIC_NO_PIC = NO;
				GCC_NO_COMMON_BLOCKS = YES;
				GCC_OPTIMIZATION_LEVEL = 0;
				GCC_PREPROCESSOR_DEFINITIONS = (
					"DEBUG=1",
					"$(inherited)",
				);
				GCC_WARN_64_TO_32_BIT_CONVERSION = YES;
				GCC_WARN_ABOUT_RETURN_TYPE = YES_ERROR;
				GCC_WARN_UNDECLARED_SELECTOR = YES;
				GCC_WARN_UNINITIALIZED_AUTOS = YES_AGGRESSIVE;
				GCC_WARN_UNUSED_FUNCTION = YES;
				GCC_WARN_UNUSED_VARIABLE = YES;
				IPHONEOS_DEPLOYMENT_TARGET = 15.4;
				MTL_ENABLE_DEBUG_INFO = INCLUDE_SOURCE;
				MTL_FAST_MATH = YES;
				ONLY_ACTIVE_ARCH = YES;
				SDKROOT = iphoneos;
				SWIFT_ACTIVE_COMPILATION_CONDITIONS = DEBUG;
				SWIFT_OPTIMIZATION_LEVEL = "-Onone";
			};
			name = Debug;
		};
		5E0749182815F106003FC860 /* Release */ = {
			isa = XCBuildConfiguration;
			buildSettings = {
				ALWAYS_SEARCH_USER_PATHS = NO;
				CLANG_ANALYZER_NONNULL = YES;
				CLANG_ANALYZER_NUMBER_OBJECT_CONVERSION = YES_AGGRESSIVE;
				CLANG_CXX_LANGUAGE_STANDARD = "gnu++17";
				CLANG_ENABLE_MODULES = YES;
				CLANG_ENABLE_OBJC_ARC = YES;
				CLANG_ENABLE_OBJC_WEAK = YES;
				CLANG_WARN_BLOCK_CAPTURE_AUTORELEASING = YES;
				CLANG_WARN_BOOL_CONVERSION = YES;
				CLANG_WARN_COMMA = YES;
				CLANG_WARN_CONSTANT_CONVERSION = YES;
				CLANG_WARN_DEPRECATED_OBJC_IMPLEMENTATIONS = YES;
				CLANG_WARN_DIRECT_OBJC_ISA_USAGE = YES_ERROR;
				CLANG_WARN_DOCUMENTATION_COMMENTS = YES;
				CLANG_WARN_EMPTY_BODY = YES;
				CLANG_WARN_ENUM_CONVERSION = YES;
				CLANG_WARN_INFINITE_RECURSION = YES;
				CLANG_WARN_INT_CONVERSION = YES;
				CLANG_WARN_NON_LITERAL_NULL_CONVERSION = YES;
				CLANG_WARN_OBJC_IMPLICIT_RETAIN_SELF = YES;
				CLANG_WARN_OBJC_LITERAL_CONVERSION = YES;
				CLANG_WARN_OBJC_ROOT_CLASS = YES_ERROR;
				CLANG_WARN_QUOTED_INCLUDE_IN_FRAMEWORK_HEADER = YES;
				CLANG_WARN_RANGE_LOOP_ANALYSIS = YES;
				CLANG_WARN_STRICT_PROTOTYPES = YES;
				CLANG_WARN_SUSPICIOUS_MOVE = YES;
				CLANG_WARN_UNGUARDED_AVAILABILITY = YES_AGGRESSIVE;
				CLANG_WARN_UNREACHABLE_CODE = YES;
				CLANG_WARN__DUPLICATE_METHOD_MATCH = YES;
				COPY_PHASE_STRIP = NO;
				DEBUG_INFORMATION_FORMAT = "dwarf-with-dsym";
				ENABLE_NS_ASSERTIONS = NO;
				ENABLE_STRICT_OBJC_MSGSEND = YES;
				GCC_C_LANGUAGE_STANDARD = gnu11;
				GCC_NO_COMMON_BLOCKS = YES;
				GCC_WARN_64_TO_32_BIT_CONVERSION = YES;
				GCC_WARN_ABOUT_RETURN_TYPE = YES_ERROR;
				GCC_WARN_UNDECLARED_SELECTOR = YES;
				GCC_WARN_UNINITIALIZED_AUTOS = YES_AGGRESSIVE;
				GCC_WARN_UNUSED_FUNCTION = YES;
				GCC_WARN_UNUSED_VARIABLE = YES;
				IPHONEOS_DEPLOYMENT_TARGET = 15.4;
				MTL_ENABLE_DEBUG_INFO = NO;
				MTL_FAST_MATH = YES;
				SDKROOT = iphoneos;
				SWIFT_COMPILATION_MODE = wholemodule;
				SWIFT_OPTIMIZATION_LEVEL = "-O";
				VALIDATE_PRODUCT = YES;
			};
			name = Release;
		};
		5E07491A2815F106003FC860 /* Debug */ = {
			isa = XCBuildConfiguration;
			buildSettings = {
				ASSETCATALOG_COMPILER_APPICON_NAME = AppIcon;
				ASSETCATALOG_COMPILER_GLOBAL_ACCENT_COLOR_NAME = AccentColor;
				CODE_SIGN_STYLE = Automatic;
				CURRENT_PROJECT_VERSION = 1;
				DEVELOPMENT_TEAM = SS2CH8F6CH;
				GENERATE_INFOPLIST_FILE = YES;
				INFOPLIST_FILE = Shortly/Info.plist;
				INFOPLIST_KEY_UIApplicationSupportsIndirectInputEvents = YES;
				INFOPLIST_KEY_UILaunchStoryboardName = LaunchScreen;
				INFOPLIST_KEY_UISupportedInterfaceOrientations_iPad = "UIInterfaceOrientationPortrait UIInterfaceOrientationPortraitUpsideDown UIInterfaceOrientationLandscapeLeft UIInterfaceOrientationLandscapeRight";
				INFOPLIST_KEY_UISupportedInterfaceOrientations_iPhone = "UIInterfaceOrientationPortrait UIInterfaceOrientationLandscapeLeft UIInterfaceOrientationLandscapeRight";
				LD_RUNPATH_SEARCH_PATHS = (
					"$(inherited)",
					"@executable_path/Frameworks",
				);
				MARKETING_VERSION = 1.0;
				PRODUCT_BUNDLE_IDENTIFIER = com.hamitseyrek.Shortly;
				PRODUCT_NAME = "$(TARGET_NAME)";
				SWIFT_EMIT_LOC_STRINGS = YES;
				SWIFT_VERSION = 5.0;
				TARGETED_DEVICE_FAMILY = "1,2";
			};
			name = Debug;
		};
		5E07491B2815F106003FC860 /* Release */ = {
			isa = XCBuildConfiguration;
			buildSettings = {
				ASSETCATALOG_COMPILER_APPICON_NAME = AppIcon;
				ASSETCATALOG_COMPILER_GLOBAL_ACCENT_COLOR_NAME = AccentColor;
				CODE_SIGN_STYLE = Automatic;
				CURRENT_PROJECT_VERSION = 1;
				DEVELOPMENT_TEAM = SS2CH8F6CH;
				GENERATE_INFOPLIST_FILE = YES;
				INFOPLIST_FILE = Shortly/Info.plist;
				INFOPLIST_KEY_UIApplicationSupportsIndirectInputEvents = YES;
				INFOPLIST_KEY_UILaunchStoryboardName = LaunchScreen;
				INFOPLIST_KEY_UISupportedInterfaceOrientations_iPad = "UIInterfaceOrientationPortrait UIInterfaceOrientationPortraitUpsideDown UIInterfaceOrientationLandscapeLeft UIInterfaceOrientationLandscapeRight";
				INFOPLIST_KEY_UISupportedInterfaceOrientations_iPhone = "UIInterfaceOrientationPortrait UIInterfaceOrientationLandscapeLeft UIInterfaceOrientationLandscapeRight";
				LD_RUNPATH_SEARCH_PATHS = (
					"$(inherited)",
					"@executable_path/Frameworks",
				);
				MARKETING_VERSION = 1.0;
				PRODUCT_BUNDLE_IDENTIFIER = com.hamitseyrek.Shortly;
				PRODUCT_NAME = "$(TARGET_NAME)";
				SWIFT_EMIT_LOC_STRINGS = YES;
				SWIFT_VERSION = 5.0;
				TARGETED_DEVICE_FAMILY = "1,2";
			};
			name = Release;
		};
		5E07491D2815F106003FC860 /* Debug */ = {
			isa = XCBuildConfiguration;
			buildSettings = {
				ALWAYS_EMBED_SWIFT_STANDARD_LIBRARIES = YES;
				BUNDLE_LOADER = "$(TEST_HOST)";
				CODE_SIGN_STYLE = Automatic;
				CURRENT_PROJECT_VERSION = 1;
				DEVELOPMENT_TEAM = SS2CH8F6CH;
				GENERATE_INFOPLIST_FILE = YES;
				IPHONEOS_DEPLOYMENT_TARGET = 15.4;
				MARKETING_VERSION = 1.0;
				PRODUCT_BUNDLE_IDENTIFIER = com.hamitseyrek.ShortlyTests;
				PRODUCT_NAME = "$(TARGET_NAME)";
				SWIFT_EMIT_LOC_STRINGS = NO;
				SWIFT_VERSION = 5.0;
				TARGETED_DEVICE_FAMILY = "1,2";
				TEST_HOST = "$(BUILT_PRODUCTS_DIR)/Shortly.app/Shortly";
			};
			name = Debug;
		};
		5E07491E2815F106003FC860 /* Release */ = {
			isa = XCBuildConfiguration;
			buildSettings = {
				ALWAYS_EMBED_SWIFT_STANDARD_LIBRARIES = YES;
				BUNDLE_LOADER = "$(TEST_HOST)";
				CODE_SIGN_STYLE = Automatic;
				CURRENT_PROJECT_VERSION = 1;
				DEVELOPMENT_TEAM = SS2CH8F6CH;
				GENERATE_INFOPLIST_FILE = YES;
				IPHONEOS_DEPLOYMENT_TARGET = 15.4;
				MARKETING_VERSION = 1.0;
				PRODUCT_BUNDLE_IDENTIFIER = com.hamitseyrek.ShortlyTests;
				PRODUCT_NAME = "$(TARGET_NAME)";
				SWIFT_EMIT_LOC_STRINGS = NO;
				SWIFT_VERSION = 5.0;
				TARGETED_DEVICE_FAMILY = "1,2";
				TEST_HOST = "$(BUILT_PRODUCTS_DIR)/Shortly.app/Shortly";
			};
			name = Release;
		};
		5E0749202815F106003FC860 /* Debug */ = {
			isa = XCBuildConfiguration;
			buildSettings = {
				ALWAYS_EMBED_SWIFT_STANDARD_LIBRARIES = YES;
				CODE_SIGN_STYLE = Automatic;
				CURRENT_PROJECT_VERSION = 1;
				DEVELOPMENT_TEAM = SS2CH8F6CH;
				GENERATE_INFOPLIST_FILE = YES;
				MARKETING_VERSION = 1.0;
				PRODUCT_BUNDLE_IDENTIFIER = com.hamitseyrek.ShortlyUITests;
				PRODUCT_NAME = "$(TARGET_NAME)";
				SWIFT_EMIT_LOC_STRINGS = NO;
				SWIFT_VERSION = 5.0;
				TARGETED_DEVICE_FAMILY = "1,2";
				TEST_TARGET_NAME = Shortly;
			};
			name = Debug;
		};
		5E0749212815F106003FC860 /* Release */ = {
			isa = XCBuildConfiguration;
			buildSettings = {
				ALWAYS_EMBED_SWIFT_STANDARD_LIBRARIES = YES;
				CODE_SIGN_STYLE = Automatic;
				CURRENT_PROJECT_VERSION = 1;
				DEVELOPMENT_TEAM = SS2CH8F6CH;
				GENERATE_INFOPLIST_FILE = YES;
				MARKETING_VERSION = 1.0;
				PRODUCT_BUNDLE_IDENTIFIER = com.hamitseyrek.ShortlyUITests;
				PRODUCT_NAME = "$(TARGET_NAME)";
				SWIFT_EMIT_LOC_STRINGS = NO;
				SWIFT_VERSION = 5.0;
				TARGETED_DEVICE_FAMILY = "1,2";
				TEST_TARGET_NAME = Shortly;
			};
			name = Release;
		};
/* End XCBuildConfiguration section */

/* Begin XCConfigurationList section */
		5E0748EA2815F104003FC860 /* Build configuration list for PBXProject "Shortly" */ = {
			isa = XCConfigurationList;
			buildConfigurations = (
				5E0749172815F106003FC860 /* Debug */,
				5E0749182815F106003FC860 /* Release */,
			);
			defaultConfigurationIsVisible = 0;
			defaultConfigurationName = Release;
		};
		5E0749192815F106003FC860 /* Build configuration list for PBXNativeTarget "Shortly" */ = {
			isa = XCConfigurationList;
			buildConfigurations = (
				5E07491A2815F106003FC860 /* Debug */,
				5E07491B2815F106003FC860 /* Release */,
			);
			defaultConfigurationIsVisible = 0;
			defaultConfigurationName = Release;
		};
		5E07491C2815F106003FC860 /* Build configuration list for PBXNativeTarget "ShortlyTests" */ = {
			isa = XCConfigurationList;
			buildConfigurations = (
				5E07491D2815F106003FC860 /* Debug */,
				5E07491E2815F106003FC860 /* Release */,
			);
			defaultConfigurationIsVisible = 0;
			defaultConfigurationName = Release;
		};
		5E07491F2815F106003FC860 /* Build configuration list for PBXNativeTarget "ShortlyUITests" */ = {
			isa = XCConfigurationList;
			buildConfigurations = (
				5E0749202815F106003FC860 /* Debug */,
				5E0749212815F106003FC860 /* Release */,
			);
			defaultConfigurationIsVisible = 0;
			defaultConfigurationName = Release;
		};
/* End XCConfigurationList section */

/* Begin XCRemoteSwiftPackageReference section */
		5E07494028161C98003FC860 /* XCRemoteSwiftPackageReference "Alamofire" */ = {
			isa = XCRemoteSwiftPackageReference;
			repositoryURL = "https://github.com/Alamofire/Alamofire";
			requirement = {
				kind = upToNextMajorVersion;
				minimumVersion = 5.0.0;
			};
		};
/* End XCRemoteSwiftPackageReference section */

/* Begin XCSwiftPackageProductDependency section */
		5E07494128161C98003FC860 /* Alamofire */ = {
			isa = XCSwiftPackageProductDependency;
			package = 5E07494028161C98003FC860 /* XCRemoteSwiftPackageReference "Alamofire" */;
			productName = Alamofire;
		};
/* End XCSwiftPackageProductDependency section */

/* Begin XCVersionGroup section */
		5E07495128178BD5003FC860 /* MyLinksCoreData.xcdatamodeld */ = {
			isa = XCVersionGroup;
			children = (
				5E07495228178BD5003FC860 /* MyLinksCoreData.xcdatamodel */,
			);
			currentVersion = 5E07495228178BD5003FC860 /* MyLinksCoreData.xcdatamodel */;
			path = MyLinksCoreData.xcdatamodeld;
			sourceTree = "<group>";
			versionGroupType = wrapper.xcdatamodel;
		};
/* End XCVersionGroup section */
	};
	rootObject = 5E0748E72815F104003FC860 /* Project object */;
}
